
Microsoft Visual Studio Solution File, Format Version 12.00
# Visual Studio Version 17
VisualStudioVersion = 17.7.34018.315
MinimumVisualStudioVersion = 10.0.40219.1
Project("{FAE04EC0-301F-11D3-BF4B-00C04F79EFBC}") = "MetodosFunciones1", "MetodosFunciones1\MetodosFunciones1.csproj", "{48994DAC-7BB6-4DB2-B1CF-289E5C5DE889}"
EndProject
Global
	GlobalSection(SolutionConfigurationPlatforms) = preSolution
		Debug|Any CPU = Debug|Any CPU
		Release|Any CPU = Release|Any CPU
	EndGlobalSection
	GlobalSection(ProjectConfigurationPlatforms) = postSolution
		{48994DAC-7BB6-4DB2-B1CF-289E5C5DE889}.Debug|Any CPU.ActiveCfg = Debug|Any CPU
		{48994DAC-7BB6-4DB2-B1CF-289E5C5DE889}.Debug|Any CPU.Build.0 = Debug|Any CPU
		{48994DAC-7BB6-4DB2-B1CF-289E5C5DE889}.Release|Any CPU.ActiveCfg = Release|Any CPU
		{48994DAC-7BB6-4DB2-B1CF-289E5C5DE889}.Release|Any CPU.Build.0 = Release|Any CPU
	EndGlobalSection
	GlobalSection(SolutionProperties) = preSolution
		HideSolutionNode = FALSE
	EndGlobalSection
	GlobalSection(ExtensibilityGlobals) = postSolution
		SolutionGuid = {6DF8294E-6163-4667-9748-F61E0D6DF752}
	EndGlobalSection
EndGlobal
